
Microsoft Visual Studio Solution File, Format Version 12.00
# Visual Studio 15
VisualStudioVersion = 15.0.28010.2046
MinimumVisualStudioVersion = 10.0.40219.1
Project("{9A19103F-16F7-4668-BE54-9A1E7A4F7556}") = "NetStandardTest", "NetStandardTest\NetStandardTest.csproj", "{B341DC3F-6957-49CC-9B86-83B7E906E0B7}"
EndProject
Project("{FAE04EC0-301F-11D3-BF4B-00C04F79EFBC}") = "ClassLibrary1", "ClassLibrary1\ClassLibrary1.csproj", "{71A8C70A-2589-4E06-920B-D925903D11D1}"
EndProject
Global
	GlobalSection(SolutionConfigurationPlatforms) = preSolution
		Debug|Any CPU = Debug|Any CPU
		Release|Any CPU = Release|Any CPU
	EndGlobalSection
	GlobalSection(ProjectConfigurationPlatforms) = postSolution
		{B341DC3F-6957-49CC-9B86-83B7E906E0B7}.Debug|Any CPU.ActiveCfg = Debug|Any CPU
		{B341DC3F-6957-49CC-9B86-83B7E906E0B7}.Debug|Any CPU.Build.0 = Debug|Any CPU
		{B341DC3F-6957-49CC-9B86-83B7E906E0B7}.Release|Any CPU.ActiveCfg = Release|Any CPU
		{B341DC3F-6957-49CC-9B86-83B7E906E0B7}.Release|Any CPU.Build.0 = Release|Any CPU
		{71A8C70A-2589-4E06-920B-D925903D11D1}.Debug|Any CPU.ActiveCfg = Debug|Any CPU
		{71A8C70A-2589-4E06-920B-D925903D11D1}.Debug|Any CPU.Build.0 = Debug|Any CPU
		{71A8C70A-2589-4E06-920B-D925903D11D1}.Release|Any CPU.ActiveCfg = Release|Any CPU
		{71A8C70A-2589-4E06-920B-D925903D11D1}.Release|Any CPU.Build.0 = Release|Any CPU
	EndGlobalSection
	GlobalSection(SolutionProperties) = preSolution
		HideSolutionNode = FALSE
	EndGlobalSection
	GlobalSection(ExtensibilityGlobals) = postSolution
		SolutionGuid = {007D7B8A-5FFC-419E-8B57-1E50DD5301A4}
	EndGlobalSection
EndGlobal
